
Microsoft Visual Studio Solution File, Format Version 12.00
# Visual Studio Version 17
VisualStudioVersion = 17.4.33122.133
MinimumVisualStudioVersion = 10.0.40219.1
Project("{FAE04EC0-301F-11D3-BF4B-00C04F79EFBC}") = "Arcan", "Arcan.csproj", "{ABBC917B-0EA8-4266-83A4-169582EE96FE}"
EndProject
Global
	GlobalSection(SolutionConfigurationPlatforms) = preSolution
		Debug|Any CPU = Debug|Any CPU
		Release|Any CPU = Release|Any CPU
	EndGlobalSection
	GlobalSection(ProjectConfigurationPlatforms) = postSolution
		{ABBC917B-0EA8-4266-83A4-169582EE96FE}.Debug|Any CPU.ActiveCfg = Debug|Any CPU
		{ABBC917B-0EA8-4266-83A4-169582EE96FE}.Debug|Any CPU.Build.0 = Debug|Any CPU
		{ABBC917B-0EA8-4266-83A4-169582EE96FE}.Release|Any CPU.ActiveCfg = Release|Any CPU
		{ABBC917B-0EA8-4266-83A4-169582EE96FE}.Release|Any CPU.Build.0 = Release|Any CPU
	EndGlobalSection
	GlobalSection(SolutionProperties) = preSolution
		HideSolutionNode = FALSE
	EndGlobalSection
	GlobalSection(ExtensibilityGlobals) = postSolution
		SolutionGuid = {72A34454-206D-4CEA-9DA5-856ABC324C63}
	EndGlobalSection
EndGlobal
